// !$*UTF8*$!
{
	archiveVersion = 1;
	classes = {
	};
	objectVersion = 50;
	objects = {

/* Begin PBXBuildFile section */
		F5C055BD20E1A9820051184F /* AppDelegate.swift in Sources */ = {isa = PBXBuildFile; fileRef = F5C055BC20E1A9820051184F /* AppDelegate.swift */; };
		F5C055BF20E1A9820051184F /* ViewController.swift in Sources */ = {isa = PBXBuildFile; fileRef = F5C055BE20E1A9820051184F /* ViewController.swift */; };
		F5C055C220E1A9820051184F /* Main.storyboard in Resources */ = {isa = PBXBuildFile; fileRef = F5C055C020E1A9820051184F /* Main.storyboard */; };
		F5C055C420E1A9840051184F /* Assets.xcassets in Resources */ = {isa = PBXBuildFile; fileRef = F5C055C320E1A9840051184F /* Assets.xcassets */; };
		F5C055C720E1A9840051184F /* LaunchScreen.storyboard in Resources */ = {isa = PBXBuildFile; fileRef = F5C055C520E1A9840051184F /* LaunchScreen.storyboard */; };
		F5C055D220E1A9840051184F /* MVCTests.swift in Sources */ = {isa = PBXBuildFile; fileRef = F5C055D120E1A9840051184F /* MVCTests.swift */; };
		F5C055DD20E1A9840051184F /* MVCUITests.swift in Sources */ = {isa = PBXBuildFile; fileRef = F5C055DC20E1A9840051184F /* MVCUITests.swift */; };
/* End PBXBuildFile section */

/* Begin PBXContainerItemProxy section */
		F5C055CE20E1A9840051184F /* PBXContainerItemProxy */ = {
			isa = PBXContainerItemProxy;
			containerPortal = F5C055B120E1A9820051184F /* Project object */;
			proxyType = 1;
			remoteGlobalIDString = F5C055B820E1A9820051184F;
			remoteInfo = MVC;
		};
		F5C055D920E1A9840051184F /* PBXContainerItemProxy */ = {
			isa = PBXContainerItemProxy;
			containerPortal = F5C055B120E1A9820051184F /* Project object */;
			proxyType = 1;
			remoteGlobalIDString = F5C055B820E1A9820051184F;
			remoteInfo = MVC;
		};
/* End PBXContainerItemProxy section */

/* Begin PBXFileReference section */
		F5C055B920E1A9820051184F /* MVC.app */ = {isa = PBXFileReference; explicitFileType = wrapper.application; includeInIndex = 0; path = MVC.app; sourceTree = BUILT_PRODUCTS_DIR; };
		F5C055BC20E1A9820051184F /* AppDelegate.swift */ = {isa = PBXFileReference; lastKnownFileType = sourcecode.swift; path = AppDelegate.swift; sourceTree = "<group>"; };
		F5C055BE20E1A9820051184F /* ViewController.swift */ = {isa = PBXFileReference; lastKnownFileType = sourcecode.swift; path = ViewController.swift; sourceTree = "<group>"; };
		F5C055C120E1A9820051184F /* Base */ = {isa = PBXFileReference; lastKnownFileType = file.storyboard; name = Base; path = Base.lproj/Main.storyboard; sourceTree = "<group>"; };
		F5C055C320E1A9840051184F /* Assets.xcassets */ = {isa = PBXFileReference; lastKnownFileType = folder.assetcatalog; path = Assets.xcassets; sourceTree = "<group>"; };
		F5C055C620E1A9840051184F /* Base */ = {isa = PBXFileReference; lastKnownFileType = file.storyboard; name = Base; path = Base.lproj/LaunchScreen.storyboard; sourceTree = "<group>"; };
		F5C055C820E1A9840051184F /* Info.plist */ = {isa = PBXFileReference; lastKnownFileType = text.plist.xml; path = Info.plist; sourceTree = "<group>"; };
		F5C055CD20E1A9840051184F /* MVCTests.xctest */ = {isa = PBXFileReference; explicitFileType = wrapper.cfbundle; includeInIndex = 0; path = MVCTests.xctest; sourceTree = BUILT_PRODUCTS_DIR; };
		F5C055D120E1A9840051184F /* MVCTests.swift */ = {isa = PBXFileReference; lastKnownFileType = sourcecode.swift; path = MVCTests.swift; sourceTree = "<group>"; };
		F5C055D320E1A9840051184F /* Info.plist */ = {isa = PBXFileReference; lastKnownFileType = text.plist.xml; path = Info.plist; sourceTree = "<group>"; };
		F5C055D820E1A9840051184F /* MVCUITests.xctest */ = {isa = PBXFileReference; explicitFileType = wrapper.cfbundle; includeInIndex = 0; path = MVCUITests.xctest; sourceTree = BUILT_PRODUCTS_DIR; };
		F5C055DC20E1A9840051184F /* MVCUITests.swift */ = {isa = PBXFileReference; lastKnownFileType = sourcecode.swift; path = MVCUITests.swift; sourceTree = "<group>"; };
		F5C055DE20E1A9840051184F /* Info.plist */ = {isa = PBXFileReference; lastKnownFileType = text.plist.xml; path = Info.plist; sourceTree = "<group>"; };
/* End PBXFileReference section */

/* Begin PBXFrameworksBuildPhase section */
		F5C055B620E1A9820051184F /* Frameworks */ = {
			isa = PBXFrameworksBuildPhase;
			buildActionMask = 2147483647;
			files = (
			);
			runOnlyForDeploymentPostprocessing = 0;
		};
		F5C055CA20E1A9840051184F /* Frameworks */ = {
			isa = PBXFrameworksBuildPhase;
			buildActionMask = 2147483647;
			files = (
			);
			runOnlyForDeploymentPostprocessing = 0;
		};
		F5C055D520E1A9840051184F /* Frameworks */ = {
			isa = PBXFrameworksBuildPhase;
			buildActionMask = 2147483647;
			files = (
			);
			runOnlyForDeploymentPostprocessing = 0;
		};
/* End PBXFrameworksBuildPhase section */

/* Begin PBXGroup section */
		F5C055B020E1A9820051184F = {
			isa = PBXGroup;
			children = (
				F5C055BB20E1A9820051184F /* MVC */,
				F5C055D020E1A9840051184F /* MVCTests */,
				F5C055DB20E1A9840051184F /* MVCUITests */,
				F5C055BA20E1A9820051184F /* Products */,
			);
			sourceTree = "<group>";
		};
		F5C055BA20E1A9820051184F /* Products */ = {
			isa = PBXGroup;
			children = (
				F5C055B920E1A9820051184F /* MVC.app */,
				F5C055CD20E1A9840051184F /* MVCTests.xctest */,
				F5C055D820E1A9840051184F /* MVCUITests.xctest */,
			);
			name = Products;
			sourceTree = "<group>";
		};
		F5C055BB20E1A9820051184F /* MVC */ = {
			isa = PBXGroup;
			children = (
				F5C055BC20E1A9820051184F /* AppDelegate.swift */,
				F5C055BE20E1A9820051184F /* ViewController.swift */,
				F5C055C020E1A9820051184F /* Main.storyboard */,
				F5C055C320E1A9840051184F /* Assets.xcassets */,
				F5C055C520E1A9840051184F /* LaunchScreen.storyboard */,
				F5C055C820E1A9840051184F /* Info.plist */,
			);
			path = MVC;
			sourceTree = "<group>";
		};
		F5C055D020E1A9840051184F /* MVCTests */ = {
			isa = PBXGroup;
			children = (
				F5C055D120E1A9840051184F /* MVCTests.swift */,
				F5C055D320E1A9840051184F /* Info.plist */,
			);
			path = MVCTests;
			sourceTree = "<group>";
		};
		F5C055DB20E1A9840051184F /* MVCUITests */ = {
			isa = PBXGroup;
			children = (
				F5C055DC20E1A9840051184F /* MVCUITests.swift */,
				F5C055DE20E1A9840051184F /* Info.plist */,
			);
			path = MVCUITests;
			sourceTree = "<group>";
		};
/* End PBXGroup section */

/* Begin PBXNativeTarget section */
		F5C055B820E1A9820051184F /* MVC */ = {
			isa = PBXNativeTarget;
			buildConfigurationList = F5C055E120E1A9840051184F /* Build configuration list for PBXNativeTarget "MVC" */;
			buildPhases = (
				F5C055B520E1A9820051184F /* Sources */,
				F5C055B620E1A9820051184F /* Frameworks */,
				F5C055B720E1A9820051184F /* Resources */,
			);
			buildRules = (
			);
			dependencies = (
			);
			name = MVC;
			productName = MVC;
			productReference = F5C055B920E1A9820051184F /* MVC.app */;
			productType = "com.apple.product-type.application";
		};
		F5C055CC20E1A9840051184F /* MVCTests */ = {
			isa = PBXNativeTarget;
			buildConfigurationList = F5C055E420E1A9840051184F /* Build configuration list for PBXNativeTarget "MVCTests" */;
			buildPhases = (
				F5C055C920E1A9840051184F /* Sources */,
				F5C055CA20E1A9840051184F /* Frameworks */,
				F5C055CB20E1A9840051184F /* Resources */,
			);
			buildRules = (
			);
			dependencies = (
				F5C055CF20E1A9840051184F /* PBXTargetDependency */,
			);
			name = MVCTests;
			productName = MVCTests;
			productReference = F5C055CD20E1A9840051184F /* MVCTests.xctest */;
			productType = "com.apple.product-type.bundle.unit-test";
		};
		F5C055D720E1A9840051184F /* MVCUITests */ = {
			isa = PBXNativeTarget;
			buildConfigurationList = F5C055E720E1A9840051184F /* Build configuration list for PBXNativeTarget "MVCUITests" */;
			buildPhases = (
				F5C055D420E1A9840051184F /* Sources */,
				F5C055D520E1A9840051184F /* Frameworks */,
				F5C055D620E1A9840051184F /* Resources */,
			);
			buildRules = (
			);
			dependencies = (
				F5C055DA20E1A9840051184F /* PBXTargetDependency */,
			);
			name = MVCUITests;
			productName = MVCUITests;
			productReference = F5C055D820E1A9840051184F /* MVCUITests.xctest */;
			productType = "com.apple.product-type.bundle.ui-testing";
		};
/* End PBXNativeTarget section */

/* Begin PBXProject section */
		F5C055B120E1A9820051184F /* Project object */ = {
			isa = PBXProject;
			attributes = {
				LastSwiftUpdateCheck = 0930;
				LastUpgradeCheck = 0930;
				ORGANIZATIONNAME = "Jain, Aaina";
				TargetAttributes = {
					F5C055B820E1A9820051184F = {
						CreatedOnToolsVersion = 9.3;
					};
					F5C055CC20E1A9840051184F = {
						CreatedOnToolsVersion = 9.3;
						TestTargetID = F5C055B820E1A9820051184F;
					};
					F5C055D720E1A9840051184F = {
						CreatedOnToolsVersion = 9.3;
						TestTargetID = F5C055B820E1A9820051184F;
					};
				};
			};
			buildConfigurationList = F5C055B420E1A9820051184F /* Build configuration list for PBXProject "MVC" */;
			compatibilityVersion = "Xcode 9.3";
			developmentRegion = en;
			hasScannedForEncodings = 0;
			knownRegions = (
				en,
				Base,
			);
			mainGroup = F5C055B020E1A9820051184F;
			productRefGroup = F5C055BA20E1A9820051184F /* Products */;
			projectDirPath = "";
			projectRoot = "";
			targets = (
				F5C055B820E1A9820051184F /* MVC */,
				F5C055CC20E1A9840051184F /* MVCTests */,
				F5C055D720E1A9840051184F /* MVCUITests */,
			);
		};
/* End PBXProject section */

/* Begin PBXResourcesBuildPhase section */
		F5C055B720E1A9820051184F /* Resources */ = {
			isa = PBXResourcesBuildPhase;
			buildActionMask = 2147483647;
			files = (
				F5C055C720E1A9840051184F /* LaunchScreen.storyboard in Resources */,
				F5C055C420E1A9840051184F /* Assets.xcassets in Resources */,
				F5C055C220E1A9820051184F /* Main.storyboard in Resources */,
			);
			runOnlyForDeploymentPostprocessing = 0;
		};
		F5C055CB20E1A9840051184F /* Resources */ = {
			isa = PBXResourcesBuildPhase;
			buildActionMask = 2147483647;
			files = (
			);
			runOnlyForDeploymentPostprocessing = 0;
		};
		F5C055D620E1A9840051184F /* Resources */ = {
			isa = PBXResourcesBuildPhase;
			buildActionMask = 2147483647;
			files = (
			);
			runOnlyForDeploymentPostprocessing = 0;
		};
/* End PBXResourcesBuildPhase section */

/* Begin PBXSourcesBuildPhase section */
		F5C055B520E1A9820051184F /* Sources */ = {
			isa = PBXSourcesBuildPhase;
			buildActionMask = 2147483647;
			files = (
				F5C055BF20E1A9820051184F /* ViewController.swift in Sources */,
				F5C055BD20E1A9820051184F /* AppDelegate.swift in Sources */,
			);
			runOnlyForDeploymentPostprocessing = 0;
		};
		F5C055C920E1A9840051184F /* Sources */ = {
			isa = PBXSourcesBuildPhase;
			buildActionMask = 2147483647;
			files = (
				F5C055D220E1A9840051184F /* MVCTests.swift in Sources */,
			);
			runOnlyForDeploymentPostprocessing = 0;
		};
		F5C055D420E1A9840051184F /* Sources */ = {
			isa = PBXSourcesBuildPhase;
			buildActionMask = 2147483647;
			files = (
				F5C055DD20E1A9840051184F /* MVCUITests.swift in Sources */,
			);
			runOnlyForDeploymentPostprocessing = 0;
		};
/* End PBXSourcesBuildPhase section */

/* Begin PBXTargetDependency section */
		F5C055CF20E1A9840051184F /* PBXTargetDependency */ = {
			isa = PBXTargetDependency;
			target = F5C055B820E1A9820051184F /* MVC */;
			targetProxy = F5C055CE20E1A9840051184F /* PBXContainerItemProxy */;
		};
		F5C055DA20E1A9840051184F /* PBXTargetDependency */ = {
			isa = PBXTargetDependency;
			target = F5C055B820E1A9820051184F /* MVC */;
			targetProxy = F5C055D920E1A9840051184F /* PBXContainerItemProxy */;
		};
/* End PBXTargetDependency section */

/* Begin PBXVariantGroup section */
		F5C055C020E1A9820051184F /* Main.storyboard */ = {
			isa = PBXVariantGroup;
			children = (
				F5C055C120E1A9820051184F /* Base */,
			);
			name = Main.storyboard;
			sourceTree = "<group>";
		};
		F5C055C520E1A9840051184F /* LaunchScreen.storyboard */ = {
			isa = PBXVariantGroup;
			children = (
				F5C055C620E1A9840051184F /* Base */,
			);
			name = LaunchScreen.storyboard;
			sourceTree = "<group>";
		};
/* End PBXVariantGroup section */

/* Begin XCBuildConfiguration section */
		F5C055DF20E1A9840051184F /* Debug */ = {
			isa = XCBuildConfiguration;
			buildSettings = {
				ALWAYS_SEARCH_USER_PATHS = NO;
				CLANG_ANALYZER_NONNULL = YES;
				CLANG_ANALYZER_NUMBER_OBJECT_CONVERSION = YES_AGGRESSIVE;
				CLANG_CXX_LANGUAGE_STANDARD = "gnu++14";
				CLANG_CXX_LIBRARY = "libc++";
				CLANG_ENABLE_MODULES = YES;
				CLANG_ENABLE_OBJC_ARC = YES;
				CLANG_ENABLE_OBJC_WEAK = YES;
				CLANG_WARN_BLOCK_CAPTURE_AUTORELEASING = YES;
				CLANG_WARN_BOOL_CONVERSION = YES;
				CLANG_WARN_COMMA = YES;
				CLANG_WARN_CONSTANT_CONVERSION = YES;
				CLANG_WARN_DEPRECATED_OBJC_IMPLEMENTATIONS = YES;
				CLANG_WARN_DIRECT_OBJC_ISA_USAGE = YES_ERROR;
				CLANG_WARN_DOCUMENTATION_COMMENTS = YES;
				CLANG_WARN_EMPTY_BODY = YES;
				CLANG_WARN_ENUM_CONVERSION = YES;
				CLANG_WARN_INFINITE_RECURSION = YES;
				CLANG_WARN_INT_CONVERSION = YES;
				CLANG_WARN_NON_LITERAL_NULL_CONVERSION = YES;
				CLANG_WARN_OBJC_IMPLICIT_RETAIN_SELF = YES;
				CLANG_WARN_OBJC_LITERAL_CONVERSION = YES;
				CLANG_WARN_OBJC_ROOT_CLASS = YES_ERROR;
				CLANG_WARN_RANGE_LOOP_ANALYSIS = YES;
				CLANG_WARN_STRICT_PROTOTYPES = YES;
				CLANG_WARN_SUSPICIOUS_MOVE = YES;
				CLANG_WARN_UNGUARDED_AVAILABILITY = YES_AGGRESSIVE;
				CLANG_WARN_UNREACHABLE_CODE = YES;
				CLANG_WARN__DUPLICATE_METHOD_MATCH = YES;
				CODE_SIGN_IDENTITY = "iPhone Developer";
				COPY_PHASE_STRIP = NO;
				DEBUG_INFORMATION_FORMAT = dwarf;
				ENABLE_STRICT_OBJC_MSGSEND = YES;
				ENABLE_TESTABILITY = YES;
				GCC_C_LANGUAGE_STANDARD = gnu11;
				GCC_DYNAMIC_NO_PIC = NO;
				GCC_NO_COMMON_BLOCKS = YES;
				GCC_OPTIMIZATION_LEVEL = 0;
				GCC_PREPROCESSOR_DEFINITIONS = (
					"DEBUG=1",
					"$(inherited)",
				);
				GCC_WARN_64_TO_32_BIT_CONVERSION = YES;
				GCC_WARN_ABOUT_RETURN_TYPE = YES_ERROR;
				GCC_WARN_UNDECLARED_SELECTOR = YES;
				GCC_WARN_UNINITIALIZED_AUTOS = YES_AGGRESSIVE;
				GCC_WARN_UNUSED_FUNCTION = YES;
				GCC_WARN_UNUSED_VARIABLE = YES;
				IPHONEOS_DEPLOYMENT_TARGET = 11.3;
				MTL_ENABLE_DEBUG_INFO = YES;
				ONLY_ACTIVE_ARCH = YES;
				SDKROOT = iphoneos;
				SWIFT_ACTIVE_COMPILATION_CONDITIONS = DEBUG;
				SWIFT_OPTIMIZATION_LEVEL = "-Onone";
			};
			name = Debug;
		};
		F5C055E020E1A9840051184F /* Release */ = {
			isa = XCBuildConfiguration;
			buildSettings = {
				ALWAYS_SEARCH_USER_PATHS = NO;
				CLANG_ANALYZER_NONNULL = YES;
				CLANG_ANALYZER_NUMBER_OBJECT_CONVERSION = YES_AGGRESSIVE;
				CLANG_CXX_LANGUAGE_STANDARD = "gnu++14";
				CLANG_CXX_LIBRARY = "libc++";
				CLANG_ENABLE_MODULES = YES;
				CLANG_ENABLE_OBJC_ARC = YES;
				CLANG_ENABLE_OBJC_WEAK = YES;
				CLANG_WARN_BLOCK_CAPTURE_AUTORELEASING = YES;
				CLANG_WARN_BOOL_CONVERSION = YES;
				CLANG_WARN_COMMA = YES;
				CLANG_WARN_CONSTANT_CONVERSION = YES;
				CLANG_WARN_DEPRECATED_OBJC_IMPLEMENTATIONS = YES;
				CLANG_WARN_DIRECT_OBJC_ISA_USAGE = YES_ERROR;
				CLANG_WARN_DOCUMENTATION_COMMENTS = YES;
				CLANG_WARN_EMPTY_BODY = YES;
				CLANG_WARN_ENUM_CONVERSION = YES;
				CLANG_WARN_INFINITE_RECURSION = YES;
				CLANG_WARN_INT_CONVERSION = YES;
				CLANG_WARN_NON_LITERAL_NULL_CONVERSION = YES;
				CLANG_WARN_OBJC_IMPLICIT_RETAIN_SELF = YES;
				CLANG_WARN_OBJC_LITERAL_CONVERSION = YES;
				CLANG_WARN_OBJC_ROOT_CLASS = YES_ERROR;
				CLANG_WARN_RANGE_LOOP_ANALYSIS = YES;
				CLANG_WARN_STRICT_PROTOTYPES = YES;
				CLANG_WARN_SUSPICIOUS_MOVE = YES;
				CLANG_WARN_UNGUARDED_AVAILABILITY = YES_AGGRESSIVE;
				CLANG_WARN_UNREACHABLE_CODE = YES;
				CLANG_WARN__DUPLICATE_METHOD_MATCH = YES;
				CODE_SIGN_IDENTITY = "iPhone Developer";
				COPY_PHASE_STRIP = NO;
				DEBUG_INFORMATION_FORMAT = "dwarf-with-dsym";
				ENABLE_NS_ASSERTIONS = NO;
				ENABLE_STRICT_OBJC_MSGSEND = YES;
				GCC_C_LANGUAGE_STANDARD = gnu11;
				GCC_NO_COMMON_BLOCKS = YES;
				GCC_WARN_64_TO_32_BIT_CONVERSION = YES;
				GCC_WARN_ABOUT_RETURN_TYPE = YES_ERROR;
				GCC_WARN_UNDECLARED_SELECTOR = YES;
				GCC_WARN_UNINITIALIZED_AUTOS = YES_AGGRESSIVE;
				GCC_WARN_UNUSED_FUNCTION = YES;
				GCC_WARN_UNUSED_VARIABLE = YES;
				IPHONEOS_DEPLOYMENT_TARGET = 11.3;
				MTL_ENABLE_DEBUG_INFO = NO;
				SDKROOT = iphoneos;
				SWIFT_COMPILATION_MODE = wholemodule;
				SWIFT_OPTIMIZATION_LEVEL = "-O";
				VALIDATE_PRODUCT = YES;
			};
			name = Release;
		};
		F5C055E220E1A9840051184F /* Debug */ = {
			isa = XCBuildConfiguration;
			buildSettings = {
				ASSETCATALOG_COMPILER_APPICON_NAME = AppIcon;
				CODE_SIGN_STYLE = Manual;
				DEVELOPMENT_TEAM = "";
				INFOPLIST_FILE = MVC/Info.plist;
				LD_RUNPATH_SEARCH_PATHS = (
					"$(inherited)",
					"@executable_path/Frameworks",
				);
				PRODUCT_BUNDLE_IDENTIFIER = com.ajain.MVC;
				PRODUCT_NAME = "$(TARGET_NAME)";
				PROVISIONING_PROFILE_SPECIFIER = "";
				SWIFT_VERSION = 4.0;
				TARGETED_DEVICE_FAMILY = "1,2";
			};
			name = Debug;
		};
		F5C055E320E1A9840051184F /* Release */ = {
			isa = XCBuildConfiguration;
			buildSettings = {
				ASSETCATALOG_COMPILER_APPICON_NAME = AppIcon;
				CODE_SIGN_STYLE = Manual;
				DEVELOPMENT_TEAM = "";
				INFOPLIST_FILE = MVC/Info.plist;
				LD_RUNPATH_SEARCH_PATHS = (
					"$(inherited)",
					"@executable_path/Frameworks",
				);
				PRODUCT_BUNDLE_IDENTIFIER = com.ajain.MVC;
				PRODUCT_NAME = "$(TARGET_NAME)";
				PROVISIONING_PROFILE_SPECIFIER = "";
				SWIFT_VERSION = 4.0;
				TARGETED_DEVICE_FAMILY = "1,2";
			};
			name = Release;
		};
		F5C055E520E1A9840051184F /* Debug */ = {
			isa = XCBuildConfiguration;
			buildSettings = {
				ALWAYS_EMBED_SWIFT_STANDARD_LIBRARIES = YES;
				BUNDLE_LOADER = "$(TEST_HOST)";
				CODE_SIGN_STYLE = Automatic;
				INFOPLIST_FILE = MVCTests/Info.plist;
				LD_RUNPATH_SEARCH_PATHS = (
					"$(inherited)",
					"@executable_path/Frameworks",
					"@loader_path/Frameworks",
				);
				PRODUCT_BUNDLE_IDENTIFIER = com.ajain.MVCTests;
				PRODUCT_NAME = "$(TARGET_NAME)";
				SWIFT_VERSION = 4.0;
				TARGETED_DEVICE_FAMILY = "1,2";
				TEST_HOST = "$(BUILT_PRODUCTS_DIR)/MVC.app/MVC";
			};
			name = Debug;
		};
		F5C055E620E1A9840051184F /* Release */ = {
			isa = XCBuildConfiguration;
			buildSettings = {
				ALWAYS_EMBED_SWIFT_STANDARD_LIBRARIES = YES;
				BUNDLE_LOADER = "$(TEST_HOST)";
				CODE_SIGN_STYLE = Automatic;
				INFOPLIST_FILE = MVCTests/Info.plist;
				LD_RUNPATH_SEARCH_PATHS = (
					"$(inherited)",
					"@executable_path/Frameworks",
					"@loader_path/Frameworks",
				);
				PRODUCT_BUNDLE_IDENTIFIER = com.ajain.MVCTests;
				PRODUCT_NAME = "$(TARGET_NAME)";
				SWIFT_VERSION = 4.0;
				TARGETED_DEVICE_FAMILY = "1,2";
				TEST_HOST = "$(BUILT_PRODUCTS_DIR)/MVC.app/MVC";
			};
			name = Release;
		};
		F5C055E820E1A9840051184F /* Debug */ = {
			isa = XCBuildConfiguration;
			buildSettings = {
				ALWAYS_EMBED_SWIFT_STANDARD_LIBRARIES = YES;
				CODE_SIGN_STYLE = Automatic;
				INFOPLIST_FILE = MVCUITests/Info.plist;
				LD_RUNPATH_SEARCH_PATHS = (
					"$(inherited)",
					"@executable_path/Frameworks",
					"@loader_path/Frameworks",
				);
				PRODUCT_BUNDLE_IDENTIFIER = com.ajain.MVCUITests;
				PRODUCT_NAME = "$(TARGET_NAME)";
				SWIFT_VERSION = 4.0;
				TARGETED_DEVICE_FAMILY = "1,2";
				TEST_TARGET_NAME = MVC;
			};
			name = Debug;
		};
		F5C055E920E1A9840051184F /* Release */ = {
			isa = XCBuildConfiguration;
			buildSettings = {
				ALWAYS_EMBED_SWIFT_STANDARD_LIBRARIES = YES;
				CODE_SIGN_STYLE = Automatic;
				INFOPLIST_FILE = MVCUITests/Info.plist;
				LD_RUNPATH_SEARCH_PATHS = (
					"$(inherited)",
					"@executable_path/Frameworks",
					"@loader_path/Frameworks",
				);
				PRODUCT_BUNDLE_IDENTIFIER = com.ajain.MVCUITests;
				PRODUCT_NAME = "$(TARGET_NAME)";
				SWIFT_VERSION = 4.0;
				TARGETED_DEVICE_FAMILY = "1,2";
				TEST_TARGET_NAME = MVC;
			};
			name = Release;
		};
/* End XCBuildConfiguration section */

/* Begin XCConfigurationList section */
		F5C055B420E1A9820051184F /* Build configuration list for PBXProject "MVC" */ = {
			isa = XCConfigurationList;
			buildConfigurations = (
				F5C055DF20E1A9840051184F /* Debug */,
				F5C055E020E1A9840051184F /* Release */,
			);
			defaultConfigurationIsVisible = 0;
			defaultConfigurationName = Release;
		};
		F5C055E120E1A9840051184F /* Build configuration list for PBXNativeTarget "MVC" */ = {
			isa = XCConfigurationList;
			buildConfigurations = (
				F5C055E220E1A9840051184F /* Debug */,
				F5C055E320E1A9840051184F /* Release */,
			);
			defaultConfigurationIsVisible = 0;
			defaultConfigurationName = Release;
		};
		F5C055E420E1A9840051184F /* Build configuration list for PBXNativeTarget "MVCTests" */ = {
			isa = XCConfigurationList;
			buildConfigurations = (
				F5C055E520E1A9840051184F /* Debug */,
				F5C055E620E1A9840051184F /* Release */,
			);
			defaultConfigurationIsVisible = 0;
			defaultConfigurationName = Release;
		};
		F5C055E720E1A9840051184F /* Build configuration list for PBXNativeTarget "MVCUITests" */ = {
			isa = XCConfigurationList;
			buildConfigurations = (
				F5C055E820E1A9840051184F /* Debug */,
				F5C055E920E1A9840051184F /* Release */,
			);
			defaultConfigurationIsVisible = 0;
			defaultConfigurationName = Release;
		};
/* End XCConfigurationList section */
	};
	rootObject = F5C055B120E1A9820051184F /* Project object */;
}
